github.com/yuin/goldmark/v2 v2.0.0-beta.4 h1:rneB/Z3BLnRlZH14L1PlY6yoAcZOoICLCJhXUbnZduU=
github.com/yuin/goldmark/v2 v2.0.0-beta.4/go.mod h1:ECCrFa2/3BDKY8uhRlgPZA1NdJBEvjkCJsKUWHvYnhw=
github.com/yuin/goldmark/v2 v2.0.0-beta.5 h1:IOyGIdkgU4oSCFA+qaei8ct8ECajxUMcvUsgKDI4pyg=
github.com/yuin/goldmark/v2 v2.0.0-beta.5/go.mod h1:lSX/kxc086wZlaQYnSrf7GGqRnFsP6Bm6cWQKVmOuqs=
go.yaml.in/yaml/v4 v4.0.0-rc.6 h1:1h7H1ohdUh93/FyE4YaDa1Zh64K6VVbjF4K6WUxMtH4=
go.yaml.in/yaml/v4 v4.0.0-rc.6/go.mod h1:aZqd9kCMsGL7AuUv/m/PvWLdg5sjJsZ4oHDEnfPPfY0=
