github.com/yuin/goldmark v1.0.6 h1:nUVNNVbzZ43ns0NYQCgcGJhGk8Yx4usPESqZoycGyyg=
github.com/yuin/goldmark v1.0.6/go.mod h1:GAOXQunDkMxip+WLt/Bb4n4TEwap/Bit20gguI0UhOE=
github.com/yuin/goldmark v1.0.7 h1:xw+1To1nUhJcMwyAA1O7mHrSpgqKRE12601tiBbH5Po=
github.com/yuin/goldmark v1.0.7/go.mod h1:GAOXQunDkMxip+WLt/Bb4n4TEwap/Bit20gguI0UhOE=
github.com/yuin/goldmark v1.0.8 h1:VYm6VjdG4bwvxLpjfZrWIE4lO29wxewXI963dk4hHmA=
github.com/yuin/goldmark v1.0.8/go.mod h1:hDgn8A2EV4OniExoeJs1fSrmEc/T7w8+Teyq8YkThxQ=
github.com/yuin/goldmark v1.0.10 h1:xQ0/d53QSBARDlnAf3+BX1Te3uS9H8WR3Pw7Ia1wTto=
github.com/yuin/goldmark v1.0.10/go.mod h1:hDgn8A2EV4OniExoeJs1fSrmEc/T7w8+Teyq8YkThxQ=
github.com/yuin/goldmark v1.1.0 h1:Z5ZerZZLUdCBKw7nhz0z14LMkpPvHmo7j2MdbzD39LI=
github.com/yuin/goldmark v1.1.0/go.mod h1:hDgn8A2EV4OniExoeJs1fSrmEc/T7w8+Teyq8YkThxQ=
gopkg.in/check.v1 v0.0.0-20161208181325-20d25e280405/go.mod h1:Co6ibVJAznAaIkqp8huTwlJQCZ016jof/cbN4VW5Yz0=
gopkg.in/yaml.v2 v2.2.2 h1:ZCJp+EgiOT7lHqUV2J862kp8Qj64Jo6az82+3Td9dZw=
gopkg.in/yaml.v2 v2.2.2/go.mod h1:hI93XBmqTisBFMUTm0b8Fm+jr3Dg1NNxqwp+5A1VGuI=
